// !$*UTF8*$!
{
	archiveVersion = 1;
	classes = {
	};
	objectVersion = 46;
	objects = {

/* Begin PBXBuildFile section */
		1BA0F3BB1CDBD0CC00C6224A /* AppDelegate.swift in Sources */ = {isa = PBXBuildFile; fileRef = 1BA0F3BA1CDBD0CC00C6224A /* AppDelegate.swift */; };
		1BA0F3BD1CDBD0CC00C6224A /* ViewController.swift in Sources */ = {isa = PBXBuildFile; fileRef = 1BA0F3BC1CDBD0CC00C6224A /* ViewController.swift */; };
		1BA0F3BF1CDBD0CD00C6224A /* Assets.xcassets in Resources */ = {isa = PBXBuildFile; fileRef = 1BA0F3BE1CDBD0CD00C6224A /* Assets.xcassets */; };
		1BA0F3C21CDBD0CD00C6224A /* Main.storyboard in Resources */ = {isa = PBXBuildFile; fileRef = 1BA0F3C01CDBD0CD00C6224A /* Main.storyboard */; };
/* End PBXBuildFile section */

/* Begin PBXFileReference section */
		1BA0F3B71CDBD0CC00C6224A /* ChilliSound.app */ = {isa = PBXFileReference; explicitFileType = wrapper.application; includeInIndex = 0; path = ChilliSound.app; sourceTree = BUILT_PRODUCTS_DIR; };
		1BA0F3BA1CDBD0CC00C6224A /* AppDelegate.swift */ = {isa = PBXFileReference; lastKnownFileType = sourcecode.swift; path = AppDelegate.swift; sourceTree = "<group>"; };
		1BA0F3BC1CDBD0CC00C6224A /* ViewController.swift */ = {isa = PBXFileReference; lastKnownFileType = sourcecode.swift; path = ViewController.swift; sourceTree = "<group>"; };
		1BA0F3BE1CDBD0CD00C6224A /* Assets.xcassets */ = {isa = PBXFileReference; lastKnownFileType = folder.assetcatalog; path = Assets.xcassets; sourceTree = "<group>"; };
		1BA0F3C11CDBD0CD00C6224A /* Base */ = {isa = PBXFileReference; lastKnownFileType = file.storyboard; name = Base; path = Base.lproj/Main.storyboard; sourceTree = "<group>"; };
		1BA0F3C31CDBD0CD00C6224A /* Info.plist */ = {isa = PBXFileReference; lastKnownFileType = text.plist.xml; path = Info.plist; sourceTree = "<group>"; };
/* End PBXFileReference section */

/* Begin PBXFrameworksBuildPhase section */
		1BA0F3B41CDBD0CC00C6224A /* Frameworks */ = {
			isa = PBXFrameworksBuildPhase;
			buildActionMask = 2147483647;
			files = (
			);
			runOnlyForDeploymentPostprocessing = 0;
		};
/* End PBXFrameworksBuildPhase section */

/* Begin PBXGroup section */
		1BA0F3AE1CDBD0CB00C6224A = {
			isa = PBXGroup;
			children = (
				1BA0F3B91CDBD0CC00C6224A /* ChilliSound */,
				1BA0F3B81CDBD0CC00C6224A /* Products */,
			);
			sourceTree = "<group>";
		};
		1BA0F3B81CDBD0CC00C6224A /* Products */ = {
			isa = PBXGroup;
			children = (
				1BA0F3B71CDBD0CC00C6224A /* ChilliSound.app */,
			);
			name = Products;
			sourceTree = "<group>";
		};
		1BA0F3B91CDBD0CC00C6224A /* ChilliSound */ = {
			isa = PBXGroup;
			children = (
				1BA0F3BA1CDBD0CC00C6224A /* AppDelegate.swift */,
				1BA0F3BC1CDBD0CC00C6224A /* ViewController.swift */,
				1BA0F3BE1CDBD0CD00C6224A /* Assets.xcassets */,
				1BA0F3C01CDBD0CD00C6224A /* Main.storyboard */,
				1BA0F3C31CDBD0CD00C6224A /* Info.plist */,
			);
			path = ChilliSound;
			sourceTree = "<group>";
		};
/* End PBXGroup section */

/* Begin PBXNativeTarget section */
		1BA0F3B61CDBD0CC00C6224A /* ChilliSound */ = {
			isa = PBXNativeTarget;
			buildConfigurationList = 1BA0F3C61CDBD0CD00C6224A /* Build configuration list for PBXNativeTarget "ChilliSound" */;
			buildPhases = (
				1BA0F3B31CDBD0CC00C6224A /* Sources */,
				1BA0F3B41CDBD0CC00C6224A /* Frameworks */,
				1BA0F3B51CDBD0CC00C6224A /* Resources */,
			);
			buildRules = (
			);
			dependencies = (
			);
			name = ChilliSound;
			productName = ChilliSound;
			productReference = 1BA0F3B71CDBD0CC00C6224A /* ChilliSound.app */;
			productType = "com.apple.product-type.application";
		};
/* End PBXNativeTarget section */

/* Begin PBXProject section */
		1BA0F3AF1CDBD0CC00C6224A /* Project object */ = {
			isa = PBXProject;
			attributes = {
				LastSwiftUpdateCheck = 0730;
				LastUpgradeCheck = 0730;
				ORGANIZATIONNAME = chilicode;
				TargetAttributes = {
					1BA0F3B61CDBD0CC00C6224A = {
						CreatedOnToolsVersion = 7.3;
					};
				};
			};
			buildConfigurationList = 1BA0F3B21CDBD0CC00C6224A /* Build configuration list for PBXProject "ChilliSound" */;
			compatibilityVersion = "Xcode 3.2";
			developmentRegion = English;
			hasScannedForEncodings = 0;
			knownRegions = (
				en,
				Base,
			);
			mainGroup = 1BA0F3AE1CDBD0CB00C6224A;
			productRefGroup = 1BA0F3B81CDBD0CC00C6224A /* Products */;
			projectDirPath = "";
			projectRoot = "";
			targets = (
				1BA0F3B61CDBD0CC00C6224A /* ChilliSound */,
			);
		};
/* End PBXProject section */

/* Begin PBXResourcesBuildPhase section */
		1BA0F3B51CDBD0CC00C6224A /* Resources */ = {
			isa = PBXResourcesBuildPhase;
			buildActionMask = 2147483647;
			files = (
				1BA0F3BF1CDBD0CD00C6224A /* Assets.xcassets in Resources */,
				1BA0F3C21CDBD0CD00C6224A /* Main.storyboard in Resources */,
			);
			runOnlyForDeploymentPostprocessing = 0;
		};
/* End PBXResourcesBuildPhase section */

/* Begin PBXSourcesBuildPhase section */
		1BA0F3B31CDBD0CC00C6224A /* Sources */ = {
			isa = PBXSourcesBuildPhase;
			buildActionMask = 2147483647;
			files = (
				1BA0F3BD1CDBD0CC00C6224A /* ViewController.swift in Sources */,
				1BA0F3BB1CDBD0CC00C6224A /* AppDelegate.swift in Sources */,
			);
			runOnlyForDeploymentPostprocessing = 0;
		};
/* End PBXSourcesBuildPhase section */

/* Begin PBXVariantGroup section */
		1BA0F3C01CDBD0CD00C6224A /* Main.storyboard */ = {
			isa = PBXVariantGroup;
			children = (
				1BA0F3C11CDBD0CD00C6224A /* Base */,
			);
			name = Main.storyboard;
			sourceTree = "<group>";
		};
/* End PBXVariantGroup section */

/* Begin XCBuildConfiguration section */
		1BA0F3C41CDBD0CD00C6224A /* Debug */ = {
			isa = XCBuildConfiguration;
			buildSettings = {
				ALWAYS_SEARCH_USER_PATHS = NO;
				CLANG_ANALYZER_NONNULL = YES;
				CLANG_CXX_LANGUAGE_STANDARD = "gnu++0x";
				CLANG_CXX_LIBRARY = "libc++";
				CLANG_ENABLE_MODULES = YES;
				CLANG_ENABLE_OBJC_ARC = YES;
				CLANG_WARN_BOOL_CONVERSION = YES;
				CLANG_WARN_CONSTANT_CONVERSION = YES;
				CLANG_WARN_DIRECT_OBJC_ISA_USAGE = YES_ERROR;
				CLANG_WARN_EMPTY_BODY = YES;
				CLANG_WARN_ENUM_CONVERSION = YES;
				CLANG_WARN_INT_CONVERSION = YES;
				CLANG_WARN_OBJC_ROOT_CLASS = YES_ERROR;
				CLANG_WARN_UNREACHABLE_CODE = YES;
				CLANG_WARN__DUPLICATE_METHOD_MATCH = YES;
				CODE_SIGN_IDENTITY = "-";
				COPY_PHASE_STRIP = NO;
				DEBUG_INFORMATION_FORMAT = dwarf;
				ENABLE_STRICT_OBJC_MSGSEND = YES;
				ENABLE_TESTABILITY = YES;
				GCC_C_LANGUAGE_STANDARD = gnu99;
				GCC_DYNAMIC_NO_PIC = NO;
				GCC_NO_COMMON_BLOCKS = YES;
				GCC_OPTIMIZATION_LEVEL = 0;
				GCC_PREPROCESSOR_DEFINITIONS = (
					"DEBUG=1",
					"$(inherited)",
				);
				GCC_WARN_64_TO_32_BIT_CONVERSION = YES;
				GCC_WARN_ABOUT_RETURN_TYPE = YES_ERROR;
				GCC_WARN_UNDECLARED_SELECTOR = YES;
				GCC_WARN_UNINITIALIZED_AUTOS = YES_AGGRESSIVE;
				GCC_WARN_UNUSED_FUNCTION = YES;
				GCC_WARN_UNUSED_VARIABLE = YES;
				MACOSX_DEPLOYMENT_TARGET = 10.11;
				MTL_ENABLE_DEBUG_INFO = YES;
				ONLY_ACTIVE_ARCH = YES;
				SDKROOT = macosx;
				SWIFT_OPTIMIZATION_LEVEL = "-Onone";
			};
			name = Debug;
		};
		1BA0F3C51CDBD0CD00C6224A /* Release */ = {
			isa = XCBuildConfiguration;
			buildSettings = {
				ALWAYS_SEARCH_USER_PATHS = NO;
				CLANG_ANALYZER_NONNULL = YES;
				CLANG_CXX_LANGUAGE_STANDARD = "gnu++0x";
				CLANG_CXX_LIBRARY = "libc++";
				CLANG_ENABLE_MODULES = YES;
				CLANG_ENABLE_OBJC_ARC = YES;
				CLANG_WARN_BOOL_CONVERSION = YES;
				CLANG_WARN_CONSTANT_CONVERSION = YES;
				CLANG_WARN_DIRECT_OBJC_ISA_USAGE = YES_ERROR;
				CLANG_WARN_EMPTY_BODY = YES;
				CLANG_WARN_ENUM_CONVERSION = YES;
				CLANG_WARN_INT_CONVERSION = YES;
				CLANG_WARN_OBJC_ROOT_CLASS = YES_ERROR;
				CLANG_WARN_UNREACHABLE_CODE = YES;
				CLANG_WARN__DUPLICATE_METHOD_MATCH = YES;
				CODE_SIGN_IDENTITY = "-";
				COPY_PHASE_STRIP = NO;
				DEBUG_INFORMATION_FORMAT = "dwarf-with-dsym";
				ENABLE_NS_ASSERTIONS = NO;
				ENABLE_STRICT_OBJC_MSGSEND = YES;
				GCC_C_LANGUAGE_STANDARD = gnu99;
				GCC_NO_COMMON_BLOCKS = YES;
				GCC_WARN_64_TO_32_BIT_CONVERSION = YES;
				GCC_WARN_ABOUT_RETURN_TYPE = YES_ERROR;
				GCC_WARN_UNDECLARED_SELECTOR = YES;
				GCC_WARN_UNINITIALIZED_AUTOS = YES_AGGRESSIVE;
				GCC_WARN_UNUSED_FUNCTION = YES;
				GCC_WARN_UNUSED_VARIABLE = YES;
				MACOSX_DEPLOYMENT_TARGET = 10.11;
				MTL_ENABLE_DEBUG_INFO = NO;
				SDKROOT = macosx;
			};
			name = Release;
		};
		1BA0F3C71CDBD0CD00C6224A /* Debug */ = {
			isa = XCBuildConfiguration;
			buildSettings = {
				ASSETCATALOG_COMPILER_APPICON_NAME = AppIcon;
				COMBINE_HIDPI_IMAGES = YES;
				INFOPLIST_FILE = ChilliSound/Info.plist;
				LD_RUNPATH_SEARCH_PATHS = "$(inherited) @executable_path/../Frameworks";
				PRODUCT_BUNDLE_IDENTIFIER = chilli.ChilliSound;
				PRODUCT_NAME = "$(TARGET_NAME)";
			};
			name = Debug;
		};
		1BA0F3C81CDBD0CD00C6224A /* Release */ = {
			isa = XCBuildConfiguration;
			buildSettings = {
				ASSETCATALOG_COMPILER_APPICON_NAME = AppIcon;
				COMBINE_HIDPI_IMAGES = YES;
				INFOPLIST_FILE = ChilliSound/Info.plist;
				LD_RUNPATH_SEARCH_PATHS = "$(inherited) @executable_path/../Frameworks";
				PRODUCT_BUNDLE_IDENTIFIER = chilli.ChilliSound;
				PRODUCT_NAME = "$(TARGET_NAME)";
			};
			name = Release;
		};
/* End XCBuildConfiguration section */

/* Begin XCConfigurationList section */
		1BA0F3B21CDBD0CC00C6224A /* Build configuration list for PBXProject "ChilliSound" */ = {
			isa = XCConfigurationList;
			buildConfigurations = (
				1BA0F3C41CDBD0CD00C6224A /* Debug */,
				1BA0F3C51CDBD0CD00C6224A /* Release */,
			);
			defaultConfigurationIsVisible = 0;
			defaultConfigurationName = Release;
		};
		1BA0F3C61CDBD0CD00C6224A /* Build configuration list for PBXNativeTarget "ChilliSound" */ = {
			isa = XCConfigurationList;
			buildConfigurations = (
				1BA0F3C71CDBD0CD00C6224A /* Debug */,
				1BA0F3C81CDBD0CD00C6224A /* Release */,
			);
			defaultConfigurationIsVisible = 0;
		};
/* End XCConfigurationList section */
	};
	rootObject = 1BA0F3AF1CDBD0CC00C6224A /* Project object */;
}
